
Microsoft Visual Studio Solution File, Format Version 12.00
# Visual Studio Version 17
VisualStudioVersion = 17.9.34728.123
MinimumVisualStudioVersion = 10.0.40219.1
Project("{FAE04EC0-301F-11D3-BF4B-00C04F79EFBC}") = "ПР14", "ПР14\ПР14.csproj", "{31D01B07-390A-40EB-9893-460F78B5CAE4}"
EndProject
Global
	GlobalSection(SolutionConfigurationPlatforms) = preSolution
		Debug|Any CPU = Debug|Any CPU
		Release|Any CPU = Release|Any CPU
	EndGlobalSection
	GlobalSection(ProjectConfigurationPlatforms) = postSolution
		{31D01B07-390A-40EB-9893-460F78B5CAE4}.Debug|Any CPU.ActiveCfg = Debug|Any CPU
		{31D01B07-390A-40EB-9893-460F78B5CAE4}.Debug|Any CPU.Build.0 = Debug|Any CPU
		{31D01B07-390A-40EB-9893-460F78B5CAE4}.Release|Any CPU.ActiveCfg = Release|Any CPU
		{31D01B07-390A-40EB-9893-460F78B5CAE4}.Release|Any CPU.Build.0 = Release|Any CPU
	EndGlobalSection
	GlobalSection(SolutionProperties) = preSolution
		HideSolutionNode = FALSE
	EndGlobalSection
	GlobalSection(ExtensibilityGlobals) = postSolution
		SolutionGuid = {27A5297B-CC97-49BE-9502-18D19C153BD0}
	EndGlobalSection
EndGlobal
